# THIS IS AN AUTOGENERATED FILE. DO NOT EDIT THIS FILE DIRECTLY.
# yarn lockfile v1


fsevents@~2.1.2:
  version "2.1.2"
  resolved "https://registry.yarnpkg.com/fsevents/-/fsevents-2.1.2.tgz#4c0a1fb34bc68e543b4b82a9ec392bfbda840805"
  integrity sha512-R4wDiBwZ0KzpgOWetKDug1FZcYhqYnUYKtfZYt4mD5SBz76q0KR4Q9o7GIPamsVPGmW3EYPPJ0dOOjvx32ldZA==

node-fetch@^2.6.1:
  version "2.6.1"
  resolved "https://registry.yarnpkg.com/node-fetch/-/node-fetch-2.6.1.tgz#045bd323631f76ed2e2b55573394416b639a0052"
  integrity sha512-V4aYg89jEoVRxRb2fJdAg8FHvI7cEyYdVAh94HH0UIK8oJxUfkjlDQN9RbMx+bEjP7+ggMiFRprSti032Oipxw==

rollup@^2.3.1:
  version "2.3.1"
  resolved "https://registry.yarnpkg.com/rollup/-/rollup-2.3.1.tgz#844c5cdf88d212ff7e59212088c37eacc521a2f9"
  integrity sha512-BRjzOauORe+R0U0I6SkMTSG22nYmtztR/TaBl0SvbXgc3VAxBDrZoB6HROiK0S5px1pUBnLnjBkbzmVuwC9Q1Q==
  optionalDependencies:
    fsevents "~2.1.2"
